
Microsoft Visual Studio Solution File, Format Version 12.00
# Visual Studio Version 16
VisualStudioVersion = 16.0.30907.101
MinimumVisualStudioVersion = 10.0.40219.1
Project("{F184B08F-C81C-45F6-A57F-5ABD9991F28F}") = "mvc", "mvc\mvc.vbproj", "{1092DC29-B42B-4F2C-98E8-09440C049CA8}"
EndProject
Global
	GlobalSection(SolutionConfigurationPlatforms) = preSolution
		Debug|Any CPU = Debug|Any CPU
		Release|Any CPU = Release|Any CPU
	EndGlobalSection
	GlobalSection(ProjectConfigurationPlatforms) = postSolution
		{1092DC29-B42B-4F2C-98E8-09440C049CA8}.Debug|Any CPU.ActiveCfg = Debug|Any CPU
		{1092DC29-B42B-4F2C-98E8-09440C049CA8}.Debug|Any CPU.Build.0 = Debug|Any CPU
		{1092DC29-B42B-4F2C-98E8-09440C049CA8}.Release|Any CPU.ActiveCfg = Release|Any CPU
		{1092DC29-B42B-4F2C-98E8-09440C049CA8}.Release|Any CPU.Build.0 = Release|Any CPU
	EndGlobalSection
	GlobalSection(SolutionProperties) = preSolution
		HideSolutionNode = FALSE
	EndGlobalSection
	GlobalSection(ExtensibilityGlobals) = postSolution
		SolutionGuid = {C54F75E8-C326-4DCF-8635-20BA3F4A769C}
	EndGlobalSection
EndGlobal
