
Microsoft Visual Studio Solution File, Format Version 12.00
# Visual Studio Version 16
VisualStudioVersion = 16.0.31019.35
MinimumVisualStudioVersion = 10.0.40219.1
Project("{FAE04EC0-301F-11D3-BF4B-00C04F79EFBC}") = "BlogProject", "BlogProject\BlogProject.csproj", "{A9C2B78F-B70F-4FA2-B857-FB4E31ACC672}"
EndProject
Global
	GlobalSection(SolutionConfigurationPlatforms) = preSolution
		Debug|Any CPU = Debug|Any CPU
		Release|Any CPU = Release|Any CPU
	EndGlobalSection
	GlobalSection(ProjectConfigurationPlatforms) = postSolution
		{A9C2B78F-B70F-4FA2-B857-FB4E31ACC672}.Debug|Any CPU.ActiveCfg = Debug|Any CPU
		{A9C2B78F-B70F-4FA2-B857-FB4E31ACC672}.Debug|Any CPU.Build.0 = Debug|Any CPU
		{A9C2B78F-B70F-4FA2-B857-FB4E31ACC672}.Release|Any CPU.ActiveCfg = Release|Any CPU
		{A9C2B78F-B70F-4FA2-B857-FB4E31ACC672}.Release|Any CPU.Build.0 = Release|Any CPU
	EndGlobalSection
	GlobalSection(SolutionProperties) = preSolution
		HideSolutionNode = FALSE
	EndGlobalSection
	GlobalSection(ExtensibilityGlobals) = postSolution
		SolutionGuid = {3792E648-779B-49D8-9D88-42DE3E5C50BE}
	EndGlobalSection
EndGlobal
