
Microsoft Visual Studio Solution File, Format Version 12.00
# Visual Studio Version 16
VisualStudioVersion = 16.0.31424.327
MinimumVisualStudioVersion = 10.0.40219.1
Project("{FAE04EC0-301F-11D3-BF4B-00C04F79EFBC}") = "c sharp practice", "c sharp practice\c sharp practice.csproj", "{1799643D-32FA-45B3-859B-5F89E2E654DC}"
EndProject
Global
	GlobalSection(SolutionConfigurationPlatforms) = preSolution
		Debug|Any CPU = Debug|Any CPU
		Release|Any CPU = Release|Any CPU
	EndGlobalSection
	GlobalSection(ProjectConfigurationPlatforms) = postSolution
		{1799643D-32FA-45B3-859B-5F89E2E654DC}.Debug|Any CPU.ActiveCfg = Debug|Any CPU
		{1799643D-32FA-45B3-859B-5F89E2E654DC}.Debug|Any CPU.Build.0 = Debug|Any CPU
		{1799643D-32FA-45B3-859B-5F89E2E654DC}.Release|Any CPU.ActiveCfg = Release|Any CPU
		{1799643D-32FA-45B3-859B-5F89E2E654DC}.Release|Any CPU.Build.0 = Release|Any CPU
	EndGlobalSection
	GlobalSection(SolutionProperties) = preSolution
		HideSolutionNode = FALSE
	EndGlobalSection
	GlobalSection(ExtensibilityGlobals) = postSolution
		SolutionGuid = {4788347F-0D1A-4799-B93A-E7621152D17F}
	EndGlobalSection
EndGlobal
